# This file is autogenerated, do not edit; changes may be undone by the next 'dep ensure'.


[[projects]]
  name = "github.com/PuerkitoBio/goquery"
  packages = ["."]
  revision = "a86ea073017a6beddef78c8659e7224e8ca634b0"
  version = "v1.4.0"

[[projects]]
  name = "github.com/andybalholm/cascadia"
  packages = ["."]
  revision = "901648c87902174f774fac311d7f176f8647bdaa"
  version = "v1.0.0"

[[projects]]
  name = "github.com/deckarep/golang-set"
  packages = ["."]
  revision = "1d4478f51bed434f1dadf96dcd9b43aabac66795"
  version = "v1.7"

[[projects]]
  name = "github.com/pkg/errors"
  packages = ["."]
  revision = "645ef00459ed84a119197bfb8d8205042c6df63d"
  version = "v0.8.0"

[[projects]]
  branch = "master"
  name = "golang.org/x/net"
  packages = [
    "html",
    "html/atom"
  ]
  revision = "6078986fec03a1dcc236c34816c71b0e05018fda"

[solve-meta]
  analyzer-name = "dep"
  analyzer-version = 1
  inputs-digest = "30a74a51c0a8a2d91a53ac7a6bb2b86a07608133778679683d1a081af033ffde"
  solver-name = "gps-cdcl"
  solver-version = 1
